
Microsoft Visual Studio Solution File, Format Version 12.00
# Visual Studio 2015
Project("{FAE04EC0-301F-11D3-BF4B-00C04F79EFBC}") = "FBGGJ.CSharp", "FBGGJ.CSharp.csproj", "{796B0096-0E7A-1383-03DD-069BC751EE87}"
EndProject
Project("{FAE04EC0-301F-11D3-BF4B-00C04F79EFBC}") = "FBGGJ.CSharp.Editor", "FBGGJ.CSharp.Editor.csproj", "{1939DE3B-04C1-ACAD-63C5-D84174F7B73E}"
EndProject
Global
	GlobalSection(SolutionConfigurationPlatforms) = preSolution
		Debug|Any CPU = Debug|Any CPU
		Release|Any CPU = Release|Any CPU
	EndGlobalSection
	GlobalSection(ProjectConfigurationPlatforms) = postSolution
		{796B0096-0E7A-1383-03DD-069BC751EE87}.Debug|Any CPU.ActiveCfg = Debug|Any CPU
		{796B0096-0E7A-1383-03DD-069BC751EE87}.Debug|Any CPU.Build.0 = Debug|Any CPU
		{796B0096-0E7A-1383-03DD-069BC751EE87}.Release|Any CPU.ActiveCfg = Release|Any CPU
		{796B0096-0E7A-1383-03DD-069BC751EE87}.Release|Any CPU.Build.0 = Release|Any CPU
		{1939DE3B-04C1-ACAD-63C5-D84174F7B73E}.Debug|Any CPU.ActiveCfg = Debug|Any CPU
		{1939DE3B-04C1-ACAD-63C5-D84174F7B73E}.Debug|Any CPU.Build.0 = Debug|Any CPU
		{1939DE3B-04C1-ACAD-63C5-D84174F7B73E}.Release|Any CPU.ActiveCfg = Release|Any CPU
		{1939DE3B-04C1-ACAD-63C5-D84174F7B73E}.Release|Any CPU.Build.0 = Release|Any CPU
	EndGlobalSection
	GlobalSection(SolutionProperties) = preSolution
		HideSolutionNode = FALSE
	EndGlobalSection
EndGlobal
